
Microsoft Visual Studio Solution File, Format Version 12.00
# Visual Studio Version 16
VisualStudioVersion = 16.0.30011.22
MinimumVisualStudioVersion = 10.0.40219.1
Project("{FAE04EC0-301F-11D3-BF4B-00C04F79EFBC}") = "Solver", "Solver.csproj", "{2AC95760-B873-404C-94BB-81132BFE3F41}"
EndProject
Project("{FAE04EC0-301F-11D3-BF4B-00C04F79EFBC}") = "Tests", "..\ProbabillityTests\Tests.csproj", "{33C5BD5F-0206-4D13-ACE5-5823869C6329}"
EndProject
Project("{FAE04EC0-301F-11D3-BF4B-00C04F79EFBC}") = "MainUI", "..\ProbabilityGUI\MainUI.csproj", "{483B9553-4DF3-4215-B159-307A7533BD84}"
EndProject
Project("{FAE04EC0-301F-11D3-BF4B-00C04F79EFBC}") = "Menu", "..\ProbabilityMenu\Menu.csproj", "{BED08E64-AC69-448C-B306-473DFDE97E49}"
EndProject
Project("{2150E333-8FDC-42A3-9474-1A3956D46DE8}") = "GUIModules", "GUIModules", "{FDC7F5CA-F864-41E9-B13C-186CC7B227C5}"
EndProject
Project("{FAE04EC0-301F-11D3-BF4B-00C04F79EFBC}") = "Graph", "..\GraphModule\Graph.csproj", "{D58F65A7-FC80-473A-8CBD-6377EC699721}"
EndProject
Project("{FAE04EC0-301F-11D3-BF4B-00C04F79EFBC}") = "Shared", "..\Shared\Shared.csproj", "{E9D710E3-A18D-45F9-BF8A-B8995E647FB1}"
EndProject
Project("{FAE04EC0-301F-11D3-BF4B-00C04F79EFBC}") = "Ribbon", "..\Ribbon\Ribbon.csproj", "{CA696F5E-D908-45E7-9691-A9A8EB06FE90}"
EndProject
Project("{FAE04EC0-301F-11D3-BF4B-00C04F79EFBC}") = "Creator", "..\Creator\Creator.csproj", "{FBCB775E-FE3E-4024-A2B9-128BC9358DA3}"
EndProject
Project("{FAE04EC0-301F-11D3-BF4B-00C04F79EFBC}") = "DataSources", "..\DataSources\DataSources.csproj", "{EF76CE74-8E16-4173-8657-F29C27FF9AD7}"
EndProject
Global
	GlobalSection(SolutionConfigurationPlatforms) = preSolution
		Debug|Any CPU = Debug|Any CPU
		Debug|x64 = Debug|x64
		Debug|x86 = Debug|x86
		Release|Any CPU = Release|Any CPU
		Release|x64 = Release|x64
		Release|x86 = Release|x86
	EndGlobalSection
	GlobalSection(ProjectConfigurationPlatforms) = postSolution
		{2AC95760-B873-404C-94BB-81132BFE3F41}.Debug|Any CPU.ActiveCfg = Debug|Any CPU
		{2AC95760-B873-404C-94BB-81132BFE3F41}.Debug|Any CPU.Build.0 = Debug|Any CPU
		{2AC95760-B873-404C-94BB-81132BFE3F41}.Debug|x64.ActiveCfg = Debug|Any CPU
		{2AC95760-B873-404C-94BB-81132BFE3F41}.Debug|x64.Build.0 = Debug|Any CPU
		{2AC95760-B873-404C-94BB-81132BFE3F41}.Debug|x86.ActiveCfg = Debug|Any CPU
		{2AC95760-B873-404C-94BB-81132BFE3F41}.Debug|x86.Build.0 = Debug|Any CPU
		{2AC95760-B873-404C-94BB-81132BFE3F41}.Release|Any CPU.ActiveCfg = Release|Any CPU
		{2AC95760-B873-404C-94BB-81132BFE3F41}.Release|Any CPU.Build.0 = Release|Any CPU
		{2AC95760-B873-404C-94BB-81132BFE3F41}.Release|x64.ActiveCfg = Release|Any CPU
		{2AC95760-B873-404C-94BB-81132BFE3F41}.Release|x64.Build.0 = Release|Any CPU
		{2AC95760-B873-404C-94BB-81132BFE3F41}.Release|x86.ActiveCfg = Release|Any CPU
		{2AC95760-B873-404C-94BB-81132BFE3F41}.Release|x86.Build.0 = Release|Any CPU
		{33C5BD5F-0206-4D13-ACE5-5823869C6329}.Debug|Any CPU.ActiveCfg = Debug|Any CPU
		{33C5BD5F-0206-4D13-ACE5-5823869C6329}.Debug|Any CPU.Build.0 = Debug|Any CPU
		{33C5BD5F-0206-4D13-ACE5-5823869C6329}.Debug|x64.ActiveCfg = Debug|Any CPU
		{33C5BD5F-0206-4D13-ACE5-5823869C6329}.Debug|x64.Build.0 = Debug|Any CPU
		{33C5BD5F-0206-4D13-ACE5-5823869C6329}.Debug|x86.ActiveCfg = Debug|Any CPU
		{33C5BD5F-0206-4D13-ACE5-5823869C6329}.Debug|x86.Build.0 = Debug|Any CPU
		{33C5BD5F-0206-4D13-ACE5-5823869C6329}.Release|Any CPU.ActiveCfg = Release|Any CPU
		{33C5BD5F-0206-4D13-ACE5-5823869C6329}.Release|Any CPU.Build.0 = Release|Any CPU
		{33C5BD5F-0206-4D13-ACE5-5823869C6329}.Release|x64.ActiveCfg = Release|Any CPU
		{33C5BD5F-0206-4D13-ACE5-5823869C6329}.Release|x64.Build.0 = Release|Any CPU
		{33C5BD5F-0206-4D13-ACE5-5823869C6329}.Release|x86.ActiveCfg = Release|Any CPU
		{33C5BD5F-0206-4D13-ACE5-5823869C6329}.Release|x86.Build.0 = Release|Any CPU
		{483B9553-4DF3-4215-B159-307A7533BD84}.Debug|Any CPU.ActiveCfg = Debug|Any CPU
		{483B9553-4DF3-4215-B159-307A7533BD84}.Debug|Any CPU.Build.0 = Debug|Any CPU
		{483B9553-4DF3-4215-B159-307A7533BD84}.Debug|x64.ActiveCfg = Debug|Any CPU
		{483B9553-4DF3-4215-B159-307A7533BD84}.Debug|x64.Build.0 = Debug|Any CPU
		{483B9553-4DF3-4215-B159-307A7533BD84}.Debug|x86.ActiveCfg = Debug|Any CPU
		{483B9553-4DF3-4215-B159-307A7533BD84}.Debug|x86.Build.0 = Debug|Any CPU
		{483B9553-4DF3-4215-B159-307A7533BD84}.Release|Any CPU.ActiveCfg = Release|Any CPU
		{483B9553-4DF3-4215-B159-307A7533BD84}.Release|Any CPU.Build.0 = Release|Any CPU
		{483B9553-4DF3-4215-B159-307A7533BD84}.Release|x64.ActiveCfg = Release|Any CPU
		{483B9553-4DF3-4215-B159-307A7533BD84}.Release|x64.Build.0 = Release|Any CPU
		{483B9553-4DF3-4215-B159-307A7533BD84}.Release|x86.ActiveCfg = Release|Any CPU
		{483B9553-4DF3-4215-B159-307A7533BD84}.Release|x86.Build.0 = Release|Any CPU
		{BED08E64-AC69-448C-B306-473DFDE97E49}.Debug|Any CPU.ActiveCfg = Debug|Any CPU
		{BED08E64-AC69-448C-B306-473DFDE97E49}.Debug|Any CPU.Build.0 = Debug|Any CPU
		{BED08E64-AC69-448C-B306-473DFDE97E49}.Debug|x64.ActiveCfg = Debug|Any CPU
		{BED08E64-AC69-448C-B306-473DFDE97E49}.Debug|x64.Build.0 = Debug|Any CPU
		{BED08E64-AC69-448C-B306-473DFDE97E49}.Debug|x86.ActiveCfg = Debug|Any CPU
		{BED08E64-AC69-448C-B306-473DFDE97E49}.Debug|x86.Build.0 = Debug|Any CPU
		{BED08E64-AC69-448C-B306-473DFDE97E49}.Release|Any CPU.ActiveCfg = Release|Any CPU
		{BED08E64-AC69-448C-B306-473DFDE97E49}.Release|Any CPU.Build.0 = Release|Any CPU
		{BED08E64-AC69-448C-B306-473DFDE97E49}.Release|x64.ActiveCfg = Release|Any CPU
		{BED08E64-AC69-448C-B306-473DFDE97E49}.Release|x64.Build.0 = Release|Any CPU
		{BED08E64-AC69-448C-B306-473DFDE97E49}.Release|x86.ActiveCfg = Release|Any CPU
		{BED08E64-AC69-448C-B306-473DFDE97E49}.Release|x86.Build.0 = Release|Any CPU
		{D58F65A7-FC80-473A-8CBD-6377EC699721}.Debug|Any CPU.ActiveCfg = Debug|Any CPU
		{D58F65A7-FC80-473A-8CBD-6377EC699721}.Debug|Any CPU.Build.0 = Debug|Any CPU
		{D58F65A7-FC80-473A-8CBD-6377EC699721}.Debug|x64.ActiveCfg = Debug|Any CPU
		{D58F65A7-FC80-473A-8CBD-6377EC699721}.Debug|x64.Build.0 = Debug|Any CPU
		{D58F65A7-FC80-473A-8CBD-6377EC699721}.Debug|x86.ActiveCfg = Debug|Any CPU
		{D58F65A7-FC80-473A-8CBD-6377EC699721}.Debug|x86.Build.0 = Debug|Any CPU
		{D58F65A7-FC80-473A-8CBD-6377EC699721}.Release|Any CPU.ActiveCfg = Release|Any CPU
		{D58F65A7-FC80-473A-8CBD-6377EC699721}.Release|Any CPU.Build.0 = Release|Any CPU
		{D58F65A7-FC80-473A-8CBD-6377EC699721}.Release|x64.ActiveCfg = Release|Any CPU
		{D58F65A7-FC80-473A-8CBD-6377EC699721}.Release|x64.Build.0 = Release|Any CPU
		{D58F65A7-FC80-473A-8CBD-6377EC699721}.Release|x86.ActiveCfg = Release|Any CPU
		{D58F65A7-FC80-473A-8CBD-6377EC699721}.Release|x86.Build.0 = Release|Any CPU
		{E9D710E3-A18D-45F9-BF8A-B8995E647FB1}.Debug|Any CPU.ActiveCfg = Debug|Any CPU
		{E9D710E3-A18D-45F9-BF8A-B8995E647FB1}.Debug|Any CPU.Build.0 = Debug|Any CPU
		{E9D710E3-A18D-45F9-BF8A-B8995E647FB1}.Debug|x64.ActiveCfg = Debug|Any CPU
		{E9D710E3-A18D-45F9-BF8A-B8995E647FB1}.Debug|x64.Build.0 = Debug|Any CPU
		{E9D710E3-A18D-45F9-BF8A-B8995E647FB1}.Debug|x86.ActiveCfg = Debug|Any CPU
		{E9D710E3-A18D-45F9-BF8A-B8995E647FB1}.Debug|x86.Build.0 = Debug|Any CPU
		{E9D710E3-A18D-45F9-BF8A-B8995E647FB1}.Release|Any CPU.ActiveCfg = Release|Any CPU
		{E9D710E3-A18D-45F9-BF8A-B8995E647FB1}.Release|Any CPU.Build.0 = Release|Any CPU
		{E9D710E3-A18D-45F9-BF8A-B8995E647FB1}.Release|x64.ActiveCfg = Release|Any CPU
		{E9D710E3-A18D-45F9-BF8A-B8995E647FB1}.Release|x64.Build.0 = Release|Any CPU
		{E9D710E3-A18D-45F9-BF8A-B8995E647FB1}.Release|x86.ActiveCfg = Release|Any CPU
		{E9D710E3-A18D-45F9-BF8A-B8995E647FB1}.Release|x86.Build.0 = Release|Any CPU
		{CA696F5E-D908-45E7-9691-A9A8EB06FE90}.Debug|Any CPU.ActiveCfg = Debug|Any CPU
		{CA696F5E-D908-45E7-9691-A9A8EB06FE90}.Debug|Any CPU.Build.0 = Debug|Any CPU
		{CA696F5E-D908-45E7-9691-A9A8EB06FE90}.Debug|x64.ActiveCfg = Debug|Any CPU
		{CA696F5E-D908-45E7-9691-A9A8EB06FE90}.Debug|x64.Build.0 = Debug|Any CPU
		{CA696F5E-D908-45E7-9691-A9A8EB06FE90}.Debug|x86.ActiveCfg = Debug|Any CPU
		{CA696F5E-D908-45E7-9691-A9A8EB06FE90}.Debug|x86.Build.0 = Debug|Any CPU
		{CA696F5E-D908-45E7-9691-A9A8EB06FE90}.Release|Any CPU.ActiveCfg = Release|Any CPU
		{CA696F5E-D908-45E7-9691-A9A8EB06FE90}.Release|Any CPU.Build.0 = Release|Any CPU
		{CA696F5E-D908-45E7-9691-A9A8EB06FE90}.Release|x64.ActiveCfg = Release|Any CPU
		{CA696F5E-D908-45E7-9691-A9A8EB06FE90}.Release|x64.Build.0 = Release|Any CPU
		{CA696F5E-D908-45E7-9691-A9A8EB06FE90}.Release|x86.ActiveCfg = Release|Any CPU
		{CA696F5E-D908-45E7-9691-A9A8EB06FE90}.Release|x86.Build.0 = Release|Any CPU
		{FBCB775E-FE3E-4024-A2B9-128BC9358DA3}.Debug|Any CPU.ActiveCfg = Debug|Any CPU
		{FBCB775E-FE3E-4024-A2B9-128BC9358DA3}.Debug|Any CPU.Build.0 = Debug|Any CPU
		{FBCB775E-FE3E-4024-A2B9-128BC9358DA3}.Debug|x64.ActiveCfg = Debug|Any CPU
		{FBCB775E-FE3E-4024-A2B9-128BC9358DA3}.Debug|x64.Build.0 = Debug|Any CPU
		{FBCB775E-FE3E-4024-A2B9-128BC9358DA3}.Debug|x86.ActiveCfg = Debug|Any CPU
		{FBCB775E-FE3E-4024-A2B9-128BC9358DA3}.Debug|x86.Build.0 = Debug|Any CPU
		{FBCB775E-FE3E-4024-A2B9-128BC9358DA3}.Release|Any CPU.ActiveCfg = Release|Any CPU
		{FBCB775E-FE3E-4024-A2B9-128BC9358DA3}.Release|Any CPU.Build.0 = Release|Any CPU
		{FBCB775E-FE3E-4024-A2B9-128BC9358DA3}.Release|x64.ActiveCfg = Release|Any CPU
		{FBCB775E-FE3E-4024-A2B9-128BC9358DA3}.Release|x64.Build.0 = Release|Any CPU
		{FBCB775E-FE3E-4024-A2B9-128BC9358DA3}.Release|x86.ActiveCfg = Release|Any CPU
		{FBCB775E-FE3E-4024-A2B9-128BC9358DA3}.Release|x86.Build.0 = Release|Any CPU
		{EF76CE74-8E16-4173-8657-F29C27FF9AD7}.Debug|Any CPU.ActiveCfg = Debug|Any CPU
		{EF76CE74-8E16-4173-8657-F29C27FF9AD7}.Debug|Any CPU.Build.0 = Debug|Any CPU
		{EF76CE74-8E16-4173-8657-F29C27FF9AD7}.Debug|x64.ActiveCfg = Debug|Any CPU
		{EF76CE74-8E16-4173-8657-F29C27FF9AD7}.Debug|x64.Build.0 = Debug|Any CPU
		{EF76CE74-8E16-4173-8657-F29C27FF9AD7}.Debug|x86.ActiveCfg = Debug|Any CPU
		{EF76CE74-8E16-4173-8657-F29C27FF9AD7}.Debug|x86.Build.0 = Debug|Any CPU
		{EF76CE74-8E16-4173-8657-F29C27FF9AD7}.Release|Any CPU.ActiveCfg = Release|Any CPU
		{EF76CE74-8E16-4173-8657-F29C27FF9AD7}.Release|Any CPU.Build.0 = Release|Any CPU
		{EF76CE74-8E16-4173-8657-F29C27FF9AD7}.Release|x64.ActiveCfg = Release|Any CPU
		{EF76CE74-8E16-4173-8657-F29C27FF9AD7}.Release|x64.Build.0 = Release|Any CPU
		{EF76CE74-8E16-4173-8657-F29C27FF9AD7}.Release|x86.ActiveCfg = Release|Any CPU
		{EF76CE74-8E16-4173-8657-F29C27FF9AD7}.Release|x86.Build.0 = Release|Any CPU
	EndGlobalSection
	GlobalSection(SolutionProperties) = preSolution
		HideSolutionNode = FALSE
	EndGlobalSection
	GlobalSection(NestedProjects) = preSolution
		{BED08E64-AC69-448C-B306-473DFDE97E49} = {FDC7F5CA-F864-41E9-B13C-186CC7B227C5}
		{D58F65A7-FC80-473A-8CBD-6377EC699721} = {FDC7F5CA-F864-41E9-B13C-186CC7B227C5}
		{CA696F5E-D908-45E7-9691-A9A8EB06FE90} = {FDC7F5CA-F864-41E9-B13C-186CC7B227C5}
		{FBCB775E-FE3E-4024-A2B9-128BC9358DA3} = {FDC7F5CA-F864-41E9-B13C-186CC7B227C5}
		{EF76CE74-8E16-4173-8657-F29C27FF9AD7} = {FDC7F5CA-F864-41E9-B13C-186CC7B227C5}
	EndGlobalSection
	GlobalSection(ExtensibilityGlobals) = postSolution
		SolutionGuid = {B9B35C70-8D78-4C18-B9E7-365155E1F52A}
	EndGlobalSection
EndGlobal
